
Microsoft Visual Studio Solution File, Format Version 12.00
# Visual Studio 15
VisualStudioVersion = 15.0.28307.645
MinimumVisualStudioVersion = 10.0.40219.1
Project("{FAE04EC0-301F-11D3-BF4B-00C04F79EFBC}") = "Loscialo_Intro to TDD", "Loscialo_Intro to TDD.csproj", "{FFF05C03-41AB-40AD-A23E-6F4D1FB31BD4}"
EndProject
Project("{FAE04EC0-301F-11D3-BF4B-00C04F79EFBC}") = "Loscialo_Intro to TDDTest", "..\Loscialo_Intro to TDDTest\Loscialo_Intro to TDDTest.csproj", "{36BC513C-5FD2-4851-80CE-CA4D2FF8F5D4}"
EndProject
Global
	GlobalSection(SolutionConfigurationPlatforms) = preSolution
		Debug|Any CPU = Debug|Any CPU
		Release|Any CPU = Release|Any CPU
	EndGlobalSection
	GlobalSection(ProjectConfigurationPlatforms) = postSolution
		{FFF05C03-41AB-40AD-A23E-6F4D1FB31BD4}.Debug|Any CPU.ActiveCfg = Debug|Any CPU
		{FFF05C03-41AB-40AD-A23E-6F4D1FB31BD4}.Debug|Any CPU.Build.0 = Debug|Any CPU
		{FFF05C03-41AB-40AD-A23E-6F4D1FB31BD4}.Release|Any CPU.ActiveCfg = Release|Any CPU
		{FFF05C03-41AB-40AD-A23E-6F4D1FB31BD4}.Release|Any CPU.Build.0 = Release|Any CPU
		{36BC513C-5FD2-4851-80CE-CA4D2FF8F5D4}.Debug|Any CPU.ActiveCfg = Debug|Any CPU
		{36BC513C-5FD2-4851-80CE-CA4D2FF8F5D4}.Debug|Any CPU.Build.0 = Debug|Any CPU
		{36BC513C-5FD2-4851-80CE-CA4D2FF8F5D4}.Release|Any CPU.ActiveCfg = Release|Any CPU
		{36BC513C-5FD2-4851-80CE-CA4D2FF8F5D4}.Release|Any CPU.Build.0 = Release|Any CPU
	EndGlobalSection
	GlobalSection(SolutionProperties) = preSolution
		HideSolutionNode = FALSE
	EndGlobalSection
	GlobalSection(ExtensibilityGlobals) = postSolution
		SolutionGuid = {346646F1-9A7A-47DE-9792-0057556F251D}
	EndGlobalSection
EndGlobal
